// !$*UTF8*$!
{
	archiveVersion = 1;
	classes = {
	};
	objectVersion = 48;
	objects = {

/* Begin PBXBuildFile section */
		45D8C14B03521A60FCDD46D8 /* Pods_rainyshinycloudyUITests.framework in Frameworks */ = {isa = PBXBuildFile; fileRef = 08C27EB803BDCC86056BDB6A /* Pods_rainyshinycloudyUITests.framework */; };
		62A53D05DDCE40C11F6A8105 /* Pods_rainyshinycloudyTests.framework in Frameworks */ = {isa = PBXBuildFile; fileRef = E705E4DBFBD74D6A940C8E98 /* Pods_rainyshinycloudyTests.framework */; };
		BA39CBCB80025C72D0BDC938 /* Pods_rainyshinycloudy.framework in Frameworks */ = {isa = PBXBuildFile; fileRef = F4B50FB91E57F515A424FD1C /* Pods_rainyshinycloudy.framework */; };
		BF27B0AB2041DC7700FA91C0 /* WeatherCell.swift in Sources */ = {isa = PBXBuildFile; fileRef = BF27B0AA2041DC7700FA91C0 /* WeatherCell.swift */; };
		BF351AFA2040A665007C6278 /* Forecast.swift in Sources */ = {isa = PBXBuildFile; fileRef = BF351AF92040A665007C6278 /* Forecast.swift */; };
		BF79151A20487F9D0080CC6C /* Location.swift in Sources */ = {isa = PBXBuildFile; fileRef = BF79151920487F9D0080CC6C /* Location.swift */; };
		BFCFC1FC203F4AA4005ED089 /* Constants.swift in Sources */ = {isa = PBXBuildFile; fileRef = BFCFC1FB203F4AA4005ED089 /* Constants.swift */; };
		BFCFC1FE203F4CBD005ED089 /* CurrentWeather.swift in Sources */ = {isa = PBXBuildFile; fileRef = BFCFC1FD203F4CBD005ED089 /* CurrentWeather.swift */; };
		BFE55FED20277CA100FA8072 /* AppDelegate.swift in Sources */ = {isa = PBXBuildFile; fileRef = BFE55FEC20277CA100FA8072 /* AppDelegate.swift */; };
		BFE55FEF20277CA100FA8072 /* WeatherVc.swift in Sources */ = {isa = PBXBuildFile; fileRef = BFE55FEE20277CA100FA8072 /* WeatherVc.swift */; };
		BFE55FF220277CA100FA8072 /* Main.storyboard in Resources */ = {isa = PBXBuildFile; fileRef = BFE55FF020277CA100FA8072 /* Main.storyboard */; };
		BFE55FF420277CA100FA8072 /* Assets.xcassets in Resources */ = {isa = PBXBuildFile; fileRef = BFE55FF320277CA100FA8072 /* Assets.xcassets */; };
		BFE55FF720277CA100FA8072 /* LaunchScreen.storyboard in Resources */ = {isa = PBXBuildFile; fileRef = BFE55FF520277CA100FA8072 /* LaunchScreen.storyboard */; };
		BFE5600220277CA100FA8072 /* rainyshinycloudyTests.swift in Sources */ = {isa = PBXBuildFile; fileRef = BFE5600120277CA100FA8072 /* rainyshinycloudyTests.swift */; };
		BFE5600D20277CA100FA8072 /* rainyshinycloudyUITests.swift in Sources */ = {isa = PBXBuildFile; fileRef = BFE5600C20277CA100FA8072 /* rainyshinycloudyUITests.swift */; };
/* End PBXBuildFile section */

/* Begin PBXContainerItemProxy section */
		BFE55FFE20277CA100FA8072 /* PBXContainerItemProxy */ = {
			isa = PBXContainerItemProxy;
			containerPortal = BFE55FE120277CA000FA8072 /* Project object */;
			proxyType = 1;
			remoteGlobalIDString = BFE55FE820277CA100FA8072;
			remoteInfo = rainyshinycloudy;
		};
		BFE5600920277CA100FA8072 /* PBXContainerItemProxy */ = {
			isa = PBXContainerItemProxy;
			containerPortal = BFE55FE120277CA000FA8072 /* Project object */;
			proxyType = 1;
			remoteGlobalIDString = BFE55FE820277CA100FA8072;
			remoteInfo = rainyshinycloudy;
		};
/* End PBXContainerItemProxy section */

/* Begin PBXFileReference section */
		08C27EB803BDCC86056BDB6A /* Pods_rainyshinycloudyUITests.framework */ = {isa = PBXFileReference; explicitFileType = wrapper.framework; includeInIndex = 0; path = Pods_rainyshinycloudyUITests.framework; sourceTree = BUILT_PRODUCTS_DIR; };
		42510517A69BDF2E85D0089E /* Pods-rainyshinycloudyUITests.release.xcconfig */ = {isa = PBXFileReference; includeInIndex = 1; lastKnownFileType = text.xcconfig; name = "Pods-rainyshinycloudyUITests.release.xcconfig"; path = "Pods/Target Support Files/Pods-rainyshinycloudyUITests/Pods-rainyshinycloudyUITests.release.xcconfig"; sourceTree = "<group>"; };
		78F9994757466BE2ABE52ECA /* Pods-rainyshinycloudy.debug.xcconfig */ = {isa = PBXFileReference; includeInIndex = 1; lastKnownFileType = text.xcconfig; name = "Pods-rainyshinycloudy.debug.xcconfig"; path = "Pods/Target Support Files/Pods-rainyshinycloudy/Pods-rainyshinycloudy.debug.xcconfig"; sourceTree = "<group>"; };
		A2D7B4F72F49CAF7515207B6 /* Pods-rainyshinycloudyUITests.debug.xcconfig */ = {isa = PBXFileReference; includeInIndex = 1; lastKnownFileType = text.xcconfig; name = "Pods-rainyshinycloudyUITests.debug.xcconfig"; path = "Pods/Target Support Files/Pods-rainyshinycloudyUITests/Pods-rainyshinycloudyUITests.debug.xcconfig"; sourceTree = "<group>"; };
		BF27B0AA2041DC7700FA91C0 /* WeatherCell.swift */ = {isa = PBXFileReference; lastKnownFileType = sourcecode.swift; path = WeatherCell.swift; sourceTree = "<group>"; };
		BF351AF92040A665007C6278 /* Forecast.swift */ = {isa = PBXFileReference; lastKnownFileType = sourcecode.swift; path = Forecast.swift; sourceTree = "<group>"; };
		BF79151920487F9D0080CC6C /* Location.swift */ = {isa = PBXFileReference; lastKnownFileType = sourcecode.swift; path = Location.swift; sourceTree = "<group>"; };
		BFCFC1FB203F4AA4005ED089 /* Constants.swift */ = {isa = PBXFileReference; lastKnownFileType = sourcecode.swift; path = Constants.swift; sourceTree = "<group>"; };
		BFCFC1FD203F4CBD005ED089 /* CurrentWeather.swift */ = {isa = PBXFileReference; lastKnownFileType = sourcecode.swift; path = CurrentWeather.swift; sourceTree = "<group>"; };
		BFE55FE920277CA100FA8072 /* rainyshinycloudy.app */ = {isa = PBXFileReference; explicitFileType = wrapper.application; includeInIndex = 0; path = rainyshinycloudy.app; sourceTree = BUILT_PRODUCTS_DIR; };
		BFE55FEC20277CA100FA8072 /* AppDelegate.swift */ = {isa = PBXFileReference; lastKnownFileType = sourcecode.swift; path = AppDelegate.swift; sourceTree = "<group>"; };
		BFE55FEE20277CA100FA8072 /* WeatherVc.swift */ = {isa = PBXFileReference; lastKnownFileType = sourcecode.swift; path = WeatherVc.swift; sourceTree = "<group>"; };
		BFE55FF120277CA100FA8072 /* Base */ = {isa = PBXFileReference; lastKnownFileType = file.storyboard; name = Base; path = Base.lproj/Main.storyboard; sourceTree = "<group>"; };
		BFE55FF320277CA100FA8072 /* Assets.xcassets */ = {isa = PBXFileReference; lastKnownFileType = folder.assetcatalog; path = Assets.xcassets; sourceTree = "<group>"; };
		BFE55FF620277CA100FA8072 /* Base */ = {isa = PBXFileReference; lastKnownFileType = file.storyboard; name = Base; path = Base.lproj/LaunchScreen.storyboard; sourceTree = "<group>"; };
		BFE55FF820277CA100FA8072 /* Info.plist */ = {isa = PBXFileReference; lastKnownFileType = text.plist.xml; path = Info.plist; sourceTree = "<group>"; };
		BFE55FFD20277CA100FA8072 /* rainyshinycloudyTests.xctest */ = {isa = PBXFileReference; explicitFileType = wrapper.cfbundle; includeInIndex = 0; path = rainyshinycloudyTests.xctest; sourceTree = BUILT_PRODUCTS_DIR; };
		BFE5600120277CA100FA8072 /* rainyshinycloudyTests.swift */ = {isa = PBXFileReference; lastKnownFileType = sourcecode.swift; path = rainyshinycloudyTests.swift; sourceTree = "<group>"; };
		BFE5600320277CA100FA8072 /* Info.plist */ = {isa = PBXFileReference; lastKnownFileType = text.plist.xml; path = Info.plist; sourceTree = "<group>"; };
		BFE5600820277CA100FA8072 /* rainyshinycloudyUITests.xctest */ = {isa = PBXFileReference; explicitFileType = wrapper.cfbundle; includeInIndex = 0; path = rainyshinycloudyUITests.xctest; sourceTree = BUILT_PRODUCTS_DIR; };
		BFE5600C20277CA100FA8072 /* rainyshinycloudyUITests.swift */ = {isa = PBXFileReference; lastKnownFileType = sourcecode.swift; path = rainyshinycloudyUITests.swift; sourceTree = "<group>"; };
		BFE5600E20277CA100FA8072 /* Info.plist */ = {isa = PBXFileReference; lastKnownFileType = text.plist.xml; path = Info.plist; sourceTree = "<group>"; };
		E5916AF1E0A6B76B36D3DC7C /* Pods-rainyshinycloudyTests.release.xcconfig */ = {isa = PBXFileReference; includeInIndex = 1; lastKnownFileType = text.xcconfig; name = "Pods-rainyshinycloudyTests.release.xcconfig"; path = "Pods/Target Support Files/Pods-rainyshinycloudyTests/Pods-rainyshinycloudyTests.release.xcconfig"; sourceTree = "<group>"; };
		E6C70E8A90653C3B442DDD5B /* Pods-rainyshinycloudyTests.debug.xcconfig */ = {isa = PBXFileReference; includeInIndex = 1; lastKnownFileType = text.xcconfig; name = "Pods-rainyshinycloudyTests.debug.xcconfig"; path = "Pods/Target Support Files/Pods-rainyshinycloudyTests/Pods-rainyshinycloudyTests.debug.xcconfig"; sourceTree = "<group>"; };
		E705E4DBFBD74D6A940C8E98 /* Pods_rainyshinycloudyTests.framework */ = {isa = PBXFileReference; explicitFileType = wrapper.framework; includeInIndex = 0; path = Pods_rainyshinycloudyTests.framework; sourceTree = BUILT_PRODUCTS_DIR; };
		EB9D87CBFC8B4EAA64FC24EA /* Pods-rainyshinycloudy.release.xcconfig */ = {isa = PBXFileReference; includeInIndex = 1; lastKnownFileType = text.xcconfig; name = "Pods-rainyshinycloudy.release.xcconfig"; path = "Pods/Target Support Files/Pods-rainyshinycloudy/Pods-rainyshinycloudy.release.xcconfig"; sourceTree = "<group>"; };
		F4B50FB91E57F515A424FD1C /* Pods_rainyshinycloudy.framework */ = {isa = PBXFileReference; explicitFileType = wrapper.framework; includeInIndex = 0; path = Pods_rainyshinycloudy.framework; sourceTree = BUILT_PRODUCTS_DIR; };
/* End PBXFileReference section */

/* Begin PBXFrameworksBuildPhase section */
		BFE55FE620277CA100FA8072 /* Frameworks */ = {
			isa = PBXFrameworksBuildPhase;
			buildActionMask = 2147483647;
			files = (
				BA39CBCB80025C72D0BDC938 /* Pods_rainyshinycloudy.framework in Frameworks */,
			);
			runOnlyForDeploymentPostprocessing = 0;
		};
		BFE55FFA20277CA100FA8072 /* Frameworks */ = {
			isa = PBXFrameworksBuildPhase;
			buildActionMask = 2147483647;
			files = (
				62A53D05DDCE40C11F6A8105 /* Pods_rainyshinycloudyTests.framework in Frameworks */,
			);
			runOnlyForDeploymentPostprocessing = 0;
		};
		BFE5600520277CA100FA8072 /* Frameworks */ = {
			isa = PBXFrameworksBuildPhase;
			buildActionMask = 2147483647;
			files = (
				45D8C14B03521A60FCDD46D8 /* Pods_rainyshinycloudyUITests.framework in Frameworks */,
			);
			runOnlyForDeploymentPostprocessing = 0;
		};
/* End PBXFrameworksBuildPhase section */

/* Begin PBXGroup section */
		6F401DC10F153E9F36F2F81A /* Pods */ = {
			isa = PBXGroup;
			children = (
				78F9994757466BE2ABE52ECA /* Pods-rainyshinycloudy.debug.xcconfig */,
				EB9D87CBFC8B4EAA64FC24EA /* Pods-rainyshinycloudy.release.xcconfig */,
				E6C70E8A90653C3B442DDD5B /* Pods-rainyshinycloudyTests.debug.xcconfig */,
				E5916AF1E0A6B76B36D3DC7C /* Pods-rainyshinycloudyTests.release.xcconfig */,
				A2D7B4F72F49CAF7515207B6 /* Pods-rainyshinycloudyUITests.debug.xcconfig */,
				42510517A69BDF2E85D0089E /* Pods-rainyshinycloudyUITests.release.xcconfig */,
			);
			name = Pods;
			sourceTree = "<group>";
		};
		BFE55FE020277CA000FA8072 = {
			isa = PBXGroup;
			children = (
				BFE55FEB20277CA100FA8072 /* rainyshinycloudy */,
				BFE5600020277CA100FA8072 /* rainyshinycloudyTests */,
				BFE5600B20277CA100FA8072 /* rainyshinycloudyUITests */,
				BFE55FEA20277CA100FA8072 /* Products */,
				6F401DC10F153E9F36F2F81A /* Pods */,
				E5554217B37FD6CA2241263D /* Frameworks */,
			);
			sourceTree = "<group>";
		};
		BFE55FEA20277CA100FA8072 /* Products */ = {
			isa = PBXGroup;
			children = (
				BFE55FE920277CA100FA8072 /* rainyshinycloudy.app */,
				BFE55FFD20277CA100FA8072 /* rainyshinycloudyTests.xctest */,
				BFE5600820277CA100FA8072 /* rainyshinycloudyUITests.xctest */,
			);
			name = Products;
			sourceTree = "<group>";
		};
		BFE55FEB20277CA100FA8072 /* rainyshinycloudy */ = {
			isa = PBXGroup;
			children = (
				BFE55FEC20277CA100FA8072 /* AppDelegate.swift */,
				BFE55FEE20277CA100FA8072 /* WeatherVc.swift */,
				BFE55FF020277CA100FA8072 /* Main.storyboard */,
				BFE55FF320277CA100FA8072 /* Assets.xcassets */,
				BFE55FF520277CA100FA8072 /* LaunchScreen.storyboard */,
				BFE55FF820277CA100FA8072 /* Info.plist */,
				BFCFC1FD203F4CBD005ED089 /* CurrentWeather.swift */,
				BFCFC1FB203F4AA4005ED089 /* Constants.swift */,
				BF351AF92040A665007C6278 /* Forecast.swift */,
				BF27B0AA2041DC7700FA91C0 /* WeatherCell.swift */,
				BF79151920487F9D0080CC6C /* Location.swift */,
			);
			path = rainyshinycloudy;
			sourceTree = "<group>";
		};
		BFE5600020277CA100FA8072 /* rainyshinycloudyTests */ = {
			isa = PBXGroup;
			children = (
				BFE5600120277CA100FA8072 /* rainyshinycloudyTests.swift */,
				BFE5600320277CA100FA8072 /* Info.plist */,
			);
			path = rainyshinycloudyTests;
			sourceTree = "<group>";
		};
		BFE5600B20277CA100FA8072 /* rainyshinycloudyUITests */ = {
			isa = PBXGroup;
			children = (
				BFE5600C20277CA100FA8072 /* rainyshinycloudyUITests.swift */,
				BFE5600E20277CA100FA8072 /* Info.plist */,
			);
			path = rainyshinycloudyUITests;
			sourceTree = "<group>";
		};
		E5554217B37FD6CA2241263D /* Frameworks */ = {
			isa = PBXGroup;
			children = (
				F4B50FB91E57F515A424FD1C /* Pods_rainyshinycloudy.framework */,
				E705E4DBFBD74D6A940C8E98 /* Pods_rainyshinycloudyTests.framework */,
				08C27EB803BDCC86056BDB6A /* Pods_rainyshinycloudyUITests.framework */,
			);
			name = Frameworks;
			sourceTree = "<group>";
		};
/* End PBXGroup section */

/* Begin PBXNativeTarget section */
		BFE55FE820277CA100FA8072 /* rainyshinycloudy */ = {
			isa = PBXNativeTarget;
			buildConfigurationList = BFE5601120277CA100FA8072 /* Build configuration list for PBXNativeTarget "rainyshinycloudy" */;
			buildPhases = (
				14FD1553D6A27EDCC8F63DC0 /* [CP] Check Pods Manifest.lock */,
				BFE55FE520277CA100FA8072 /* Sources */,
				BFE55FE620277CA100FA8072 /* Frameworks */,
				BFE55FE720277CA100FA8072 /* Resources */,
				A2742192A54144061E3E5713 /* [CP] Embed Pods Frameworks */,
				E6AB2FB73032F843E99715ED /* [CP] Copy Pods Resources */,
			);
			buildRules = (
			);
			dependencies = (
			);
			name = rainyshinycloudy;
			productName = rainyshinycloudy;
			productReference = BFE55FE920277CA100FA8072 /* rainyshinycloudy.app */;
			productType = "com.apple.product-type.application";
		};
		BFE55FFC20277CA100FA8072 /* rainyshinycloudyTests */ = {
			isa = PBXNativeTarget;
			buildConfigurationList = BFE5601420277CA100FA8072 /* Build configuration list for PBXNativeTarget "rainyshinycloudyTests" */;
			buildPhases = (
				A589B8BF8740C10C53EB8263 /* [CP] Check Pods Manifest.lock */,
				BFE55FF920277CA100FA8072 /* Sources */,
				BFE55FFA20277CA100FA8072 /* Frameworks */,
				BFE55FFB20277CA100FA8072 /* Resources */,
				1A12F46519E350DFE3461AED /* [CP] Embed Pods Frameworks */,
				AB1C38F678DC00C5A1C5B9D0 /* [CP] Copy Pods Resources */,
			);
			buildRules = (
			);
			dependencies = (
				BFE55FFF20277CA100FA8072 /* PBXTargetDependency */,
			);
			name = rainyshinycloudyTests;
			productName = rainyshinycloudyTests;
			productReference = BFE55FFD20277CA100FA8072 /* rainyshinycloudyTests.xctest */;
			productType = "com.apple.product-type.bundle.unit-test";
		};
		BFE5600720277CA100FA8072 /* rainyshinycloudyUITests */ = {
			isa = PBXNativeTarget;
			buildConfigurationList = BFE5601720277CA100FA8072 /* Build configuration list for PBXNativeTarget "rainyshinycloudyUITests" */;
			buildPhases = (
				7945123BD3EFF2F554B399BF /* [CP] Check Pods Manifest.lock */,
				BFE5600420277CA100FA8072 /* Sources */,
				BFE5600520277CA100FA8072 /* Frameworks */,
				BFE5600620277CA100FA8072 /* Resources */,
				B4A8007AD2D64619BD367352 /* [CP] Embed Pods Frameworks */,
				86CC4607432750A99ECC89C2 /* [CP] Copy Pods Resources */,
			);
			buildRules = (
			);
			dependencies = (
				BFE5600A20277CA100FA8072 /* PBXTargetDependency */,
			);
			name = rainyshinycloudyUITests;
			productName = rainyshinycloudyUITests;
			productReference = BFE5600820277CA100FA8072 /* rainyshinycloudyUITests.xctest */;
			productType = "com.apple.product-type.bundle.ui-testing";
		};
/* End PBXNativeTarget section */

/* Begin PBXProject section */
		BFE55FE120277CA000FA8072 /* Project object */ = {
			isa = PBXProject;
			attributes = {
				LastSwiftUpdateCheck = 0920;
				LastUpgradeCheck = 0920;
				ORGANIZATIONNAME = sarwar;
				TargetAttributes = {
					BFE55FE820277CA100FA8072 = {
						CreatedOnToolsVersion = 9.2;
						ProvisioningStyle = Automatic;
					};
					BFE55FFC20277CA100FA8072 = {
						CreatedOnToolsVersion = 9.2;
						ProvisioningStyle = Automatic;
						TestTargetID = BFE55FE820277CA100FA8072;
					};
					BFE5600720277CA100FA8072 = {
						CreatedOnToolsVersion = 9.2;
						ProvisioningStyle = Automatic;
						TestTargetID = BFE55FE820277CA100FA8072;
					};
				};
			};
			buildConfigurationList = BFE55FE420277CA000FA8072 /* Build configuration list for PBXProject "rainyshinycloudy" */;
			compatibilityVersion = "Xcode 8.0";
			developmentRegion = en;
			hasScannedForEncodings = 0;
			knownRegions = (
				en,
				Base,
			);
			mainGroup = BFE55FE020277CA000FA8072;
			productRefGroup = BFE55FEA20277CA100FA8072 /* Products */;
			projectDirPath = "";
			projectRoot = "";
			targets = (
				BFE55FE820277CA100FA8072 /* rainyshinycloudy */,
				BFE55FFC20277CA100FA8072 /* rainyshinycloudyTests */,
				BFE5600720277CA100FA8072 /* rainyshinycloudyUITests */,
			);
		};
/* End PBXProject section */

/* Begin PBXResourcesBuildPhase section */
		BFE55FE720277CA100FA8072 /* Resources */ = {
			isa = PBXResourcesBuildPhase;
			buildActionMask = 2147483647;
			files = (
				BFE55FF720277CA100FA8072 /* LaunchScreen.storyboard in Resources */,
				BFE55FF420277CA100FA8072 /* Assets.xcassets in Resources */,
				BFE55FF220277CA100FA8072 /* Main.storyboard in Resources */,
			);
			runOnlyForDeploymentPostprocessing = 0;
		};
		BFE55FFB20277CA100FA8072 /* Resources */ = {
			isa = PBXResourcesBuildPhase;
			buildActionMask = 2147483647;
			files = (
			);
			runOnlyForDeploymentPostprocessing = 0;
		};
		BFE5600620277CA100FA8072 /* Resources */ = {
			isa = PBXResourcesBuildPhase;
			buildActionMask = 2147483647;
			files = (
			);
			runOnlyForDeploymentPostprocessing = 0;
		};
/* End PBXResourcesBuildPhase section */

/* Begin PBXShellScriptBuildPhase section */
		14FD1553D6A27EDCC8F63DC0 /* [CP] Check Pods Manifest.lock */ = {
			isa = PBXShellScriptBuildPhase;
			buildActionMask = 2147483647;
			files = (
			);
			inputPaths = (
				"${PODS_PODFILE_DIR_PATH}/Podfile.lock",
				"${PODS_ROOT}/Manifest.lock",
			);
			name = "[CP] Check Pods Manifest.lock";
			outputPaths = (
				"$(DERIVED_FILE_DIR)/Pods-rainyshinycloudy-checkManifestLockResult.txt",
			);
			runOnlyForDeploymentPostprocessing = 0;
			shellPath = /bin/sh;
			shellScript = "diff \"${PODS_PODFILE_DIR_PATH}/Podfile.lock\" \"${PODS_ROOT}/Manifest.lock\" > /dev/null\nif [ $? != 0 ] ; then\n    # print error to STDERR\n    echo \"error: The sandbox is not in sync with the Podfile.lock. Run 'pod install' or update your CocoaPods installation.\" >&2\n    exit 1\nfi\n# This output is used by Xcode 'outputs' to avoid re-running this script phase.\necho \"SUCCESS\" > \"${SCRIPT_OUTPUT_FILE_0}\"\n";
			showEnvVarsInLog = 0;
		};
		1A12F46519E350DFE3461AED /* [CP] Embed Pods Frameworks */ = {
			isa = PBXShellScriptBuildPhase;
			buildActionMask = 2147483647;
			files = (
			);
			inputPaths = (
			);
			name = "[CP] Embed Pods Frameworks";
			outputPaths = (
			);
			runOnlyForDeploymentPostprocessing = 0;
			shellPath = /bin/sh;
			shellScript = "\"${SRCROOT}/Pods/Target Support Files/Pods-rainyshinycloudyTests/Pods-rainyshinycloudyTests-frameworks.sh\"\n";
			showEnvVarsInLog = 0;
		};
		7945123BD3EFF2F554B399BF /* [CP] Check Pods Manifest.lock */ = {
			isa = PBXShellScriptBuildPhase;
			buildActionMask = 2147483647;
			files = (
			);
			inputPaths = (
				"${PODS_PODFILE_DIR_PATH}/Podfile.lock",
				"${PODS_ROOT}/Manifest.lock",
			);
			name = "[CP] Check Pods Manifest.lock";
			outputPaths = (
				"$(DERIVED_FILE_DIR)/Pods-rainyshinycloudyUITests-checkManifestLockResult.txt",
			);
			runOnlyForDeploymentPostprocessing = 0;
			shellPath = /bin/sh;
			shellScript = "diff \"${PODS_PODFILE_DIR_PATH}/Podfile.lock\" \"${PODS_ROOT}/Manifest.lock\" > /dev/null\nif [ $? != 0 ] ; then\n    # print error to STDERR\n    echo \"error: The sandbox is not in sync with the Podfile.lock. Run 'pod install' or update your CocoaPods installation.\" >&2\n    exit 1\nfi\n# This output is used by Xcode 'outputs' to avoid re-running this script phase.\necho \"SUCCESS\" > \"${SCRIPT_OUTPUT_FILE_0}\"\n";
			showEnvVarsInLog = 0;
		};
		86CC4607432750A99ECC89C2 /* [CP] Copy Pods Resources */ = {
			isa = PBXShellScriptBuildPhase;
			buildActionMask = 2147483647;
			files = (
			);
			inputPaths = (
			);
			name = "[CP] Copy Pods Resources";
			outputPaths = (
			);
			runOnlyForDeploymentPostprocessing = 0;
			shellPath = /bin/sh;
			shellScript = "\"${SRCROOT}/Pods/Target Support Files/Pods-rainyshinycloudyUITests/Pods-rainyshinycloudyUITests-resources.sh\"\n";
			showEnvVarsInLog = 0;
		};
		A2742192A54144061E3E5713 /* [CP] Embed Pods Frameworks */ = {
			isa = PBXShellScriptBuildPhase;
			buildActionMask = 2147483647;
			files = (
			);
			inputPaths = (
				"${SRCROOT}/Pods/Target Support Files/Pods-rainyshinycloudy/Pods-rainyshinycloudy-frameworks.sh",
				"${BUILT_PRODUCTS_DIR}/Alamofire/Alamofire.framework",
			);
			name = "[CP] Embed Pods Frameworks";
			outputPaths = (
				"${TARGET_BUILD_DIR}/${FRAMEWORKS_FOLDER_PATH}/Alamofire.framework",
			);
			runOnlyForDeploymentPostprocessing = 0;
			shellPath = /bin/sh;
			shellScript = "\"${SRCROOT}/Pods/Target Support Files/Pods-rainyshinycloudy/Pods-rainyshinycloudy-frameworks.sh\"\n";
			showEnvVarsInLog = 0;
		};
		A589B8BF8740C10C53EB8263 /* [CP] Check Pods Manifest.lock */ = {
			isa = PBXShellScriptBuildPhase;
			buildActionMask = 2147483647;
			files = (
			);
			inputPaths = (
				"${PODS_PODFILE_DIR_PATH}/Podfile.lock",
				"${PODS_ROOT}/Manifest.lock",
			);
			name = "[CP] Check Pods Manifest.lock";
			outputPaths = (
				"$(DERIVED_FILE_DIR)/Pods-rainyshinycloudyTests-checkManifestLockResult.txt",
			);
			runOnlyForDeploymentPostprocessing = 0;
			shellPath = /bin/sh;
			shellScript = "diff \"${PODS_PODFILE_DIR_PATH}/Podfile.lock\" \"${PODS_ROOT}/Manifest.lock\" > /dev/null\nif [ $? != 0 ] ; then\n    # print error to STDERR\n    echo \"error: The sandbox is not in sync with the Podfile.lock. Run 'pod install' or update your CocoaPods installation.\" >&2\n    exit 1\nfi\n# This output is used by Xcode 'outputs' to avoid re-running this script phase.\necho \"SUCCESS\" > \"${SCRIPT_OUTPUT_FILE_0}\"\n";
			showEnvVarsInLog = 0;
		};
		AB1C38F678DC00C5A1C5B9D0 /* [CP] Copy Pods Resources */ = {
			isa = PBXShellScriptBuildPhase;
			buildActionMask = 2147483647;
			files = (
			);
			inputPaths = (
			);
			name = "[CP] Copy Pods Resources";
			outputPaths = (
			);
			runOnlyForDeploymentPostprocessing = 0;
			shellPath = /bin/sh;
			shellScript = "\"${SRCROOT}/Pods/Target Support Files/Pods-rainyshinycloudyTests/Pods-rainyshinycloudyTests-resources.sh\"\n";
			showEnvVarsInLog = 0;
		};
		B4A8007AD2D64619BD367352 /* [CP] Embed Pods Frameworks */ = {
			isa = PBXShellScriptBuildPhase;
			buildActionMask = 2147483647;
			files = (
			);
			inputPaths = (
			);
			name = "[CP] Embed Pods Frameworks";
			outputPaths = (
			);
			runOnlyForDeploymentPostprocessing = 0;
			shellPath = /bin/sh;
			shellScript = "\"${SRCROOT}/Pods/Target Support Files/Pods-rainyshinycloudyUITests/Pods-rainyshinycloudyUITests-frameworks.sh\"\n";
			showEnvVarsInLog = 0;
		};
		E6AB2FB73032F843E99715ED /* [CP] Copy Pods Resources */ = {
			isa = PBXShellScriptBuildPhase;
			buildActionMask = 2147483647;
			files = (
			);
			inputPaths = (
			);
			name = "[CP] Copy Pods Resources";
			outputPaths = (
			);
			runOnlyForDeploymentPostprocessing = 0;
			shellPath = /bin/sh;
			shellScript = "\"${SRCROOT}/Pods/Target Support Files/Pods-rainyshinycloudy/Pods-rainyshinycloudy-resources.sh\"\n";
			showEnvVarsInLog = 0;
		};
/* End PBXShellScriptBuildPhase section */

/* Begin PBXSourcesBuildPhase section */
		BFE55FE520277CA100FA8072 /* Sources */ = {
			isa = PBXSourcesBuildPhase;
			buildActionMask = 2147483647;
			files = (
				BFE55FEF20277CA100FA8072 /* WeatherVc.swift in Sources */,
				BFE55FED20277CA100FA8072 /* AppDelegate.swift in Sources */,
				BF27B0AB2041DC7700FA91C0 /* WeatherCell.swift in Sources */,
				BFCFC1FE203F4CBD005ED089 /* CurrentWeather.swift in Sources */,
				BFCFC1FC203F4AA4005ED089 /* Constants.swift in Sources */,
				BF351AFA2040A665007C6278 /* Forecast.swift in Sources */,
				BF79151A20487F9D0080CC6C /* Location.swift in Sources */,
			);
			runOnlyForDeploymentPostprocessing = 0;
		};
		BFE55FF920277CA100FA8072 /* Sources */ = {
			isa = PBXSourcesBuildPhase;
			buildActionMask = 2147483647;
			files = (
				BFE5600220277CA100FA8072 /* rainyshinycloudyTests.swift in Sources */,
			);
			runOnlyForDeploymentPostprocessing = 0;
		};
		BFE5600420277CA100FA8072 /* Sources */ = {
			isa = PBXSourcesBuildPhase;
			buildActionMask = 2147483647;
			files = (
				BFE5600D20277CA100FA8072 /* rainyshinycloudyUITests.swift in Sources */,
			);
			runOnlyForDeploymentPostprocessing = 0;
		};
/* End PBXSourcesBuildPhase section */

/* Begin PBXTargetDependency section */
		BFE55FFF20277CA100FA8072 /* PBXTargetDependency */ = {
			isa = PBXTargetDependency;
			target = BFE55FE820277CA100FA8072 /* rainyshinycloudy */;
			targetProxy = BFE55FFE20277CA100FA8072 /* PBXContainerItemProxy */;
		};
		BFE5600A20277CA100FA8072 /* PBXTargetDependency */ = {
			isa = PBXTargetDependency;
			target = BFE55FE820277CA100FA8072 /* rainyshinycloudy */;
			targetProxy = BFE5600920277CA100FA8072 /* PBXContainerItemProxy */;
		};
/* End PBXTargetDependency section */

/* Begin PBXVariantGroup section */
		BFE55FF020277CA100FA8072 /* Main.storyboard */ = {
			isa = PBXVariantGroup;
			children = (
				BFE55FF120277CA100FA8072 /* Base */,
			);
			name = Main.storyboard;
			sourceTree = "<group>";
		};
		BFE55FF520277CA100FA8072 /* LaunchScreen.storyboard */ = {
			isa = PBXVariantGroup;
			children = (
				BFE55FF620277CA100FA8072 /* Base */,
			);
			name = LaunchScreen.storyboard;
			sourceTree = "<group>";
		};
/* End PBXVariantGroup section */

/* Begin XCBuildConfiguration section */
		BFE5600F20277CA100FA8072 /* Debug */ = {
			isa = XCBuildConfiguration;
			buildSettings = {
				ALWAYS_SEARCH_USER_PATHS = NO;
				CLANG_ANALYZER_NONNULL = YES;
				CLANG_ANALYZER_NUMBER_OBJECT_CONVERSION = YES_AGGRESSIVE;
				CLANG_CXX_LANGUAGE_STANDARD = "gnu++14";
				CLANG_CXX_LIBRARY = "libc++";
				CLANG_ENABLE_MODULES = YES;
				CLANG_ENABLE_OBJC_ARC = YES;
				CLANG_WARN_BLOCK_CAPTURE_AUTORELEASING = YES;
				CLANG_WARN_BOOL_CONVERSION = YES;
				CLANG_WARN_COMMA = YES;
				CLANG_WARN_CONSTANT_CONVERSION = YES;
				CLANG_WARN_DIRECT_OBJC_ISA_USAGE = YES_ERROR;
				CLANG_WARN_DOCUMENTATION_COMMENTS = YES;
				CLANG_WARN_EMPTY_BODY = YES;
				CLANG_WARN_ENUM_CONVERSION = YES;
				CLANG_WARN_INFINITE_RECURSION = YES;
				CLANG_WARN_INT_CONVERSION = YES;
				CLANG_WARN_NON_LITERAL_NULL_CONVERSION = YES;
				CLANG_WARN_OBJC_LITERAL_CONVERSION = YES;
				CLANG_WARN_OBJC_ROOT_CLASS = YES_ERROR;
				CLANG_WARN_RANGE_LOOP_ANALYSIS = YES;
				CLANG_WARN_STRICT_PROTOTYPES = YES;
				CLANG_WARN_SUSPICIOUS_MOVE = YES;
				CLANG_WARN_UNGUARDED_AVAILABILITY = YES_AGGRESSIVE;
				CLANG_WARN_UNREACHABLE_CODE = YES;
				CLANG_WARN__DUPLICATE_METHOD_MATCH = YES;
				CODE_SIGN_IDENTITY = "iPhone Developer";
				COPY_PHASE_STRIP = NO;
				DEBUG_INFORMATION_FORMAT = dwarf;
				ENABLE_STRICT_OBJC_MSGSEND = YES;
				ENABLE_TESTABILITY = YES;
				GCC_C_LANGUAGE_STANDARD = gnu11;
				GCC_DYNAMIC_NO_PIC = NO;
				GCC_NO_COMMON_BLOCKS = YES;
				GCC_OPTIMIZATION_LEVEL = 0;
				GCC_PREPROCESSOR_DEFINITIONS = (
					"DEBUG=1",
					"$(inherited)",
				);
				GCC_WARN_64_TO_32_BIT_CONVERSION = YES;
				GCC_WARN_ABOUT_RETURN_TYPE = YES_ERROR;
				GCC_WARN_UNDECLARED_SELECTOR = YES;
				GCC_WARN_UNINITIALIZED_AUTOS = YES_AGGRESSIVE;
				GCC_WARN_UNUSED_FUNCTION = YES;
				GCC_WARN_UNUSED_VARIABLE = YES;
				IPHONEOS_DEPLOYMENT_TARGET = 11.2;
				MTL_ENABLE_DEBUG_INFO = YES;
				ONLY_ACTIVE_ARCH = YES;
				SDKROOT = iphoneos;
				SWIFT_ACTIVE_COMPILATION_CONDITIONS = DEBUG;
				SWIFT_OPTIMIZATION_LEVEL = "-Onone";
			};
			name = Debug;
		};
		BFE5601020277CA100FA8072 /* Release */ = {
			isa = XCBuildConfiguration;
			buildSettings = {
				ALWAYS_SEARCH_USER_PATHS = NO;
				CLANG_ANALYZER_NONNULL = YES;
				CLANG_ANALYZER_NUMBER_OBJECT_CONVERSION = YES_AGGRESSIVE;
				CLANG_CXX_LANGUAGE_STANDARD = "gnu++14";
				CLANG_CXX_LIBRARY = "libc++";
				CLANG_ENABLE_MODULES = YES;
				CLANG_ENABLE_OBJC_ARC = YES;
				CLANG_WARN_BLOCK_CAPTURE_AUTORELEASING = YES;
				CLANG_WARN_BOOL_CONVERSION = YES;
				CLANG_WARN_COMMA = YES;
				CLANG_WARN_CONSTANT_CONVERSION = YES;
				CLANG_WARN_DIRECT_OBJC_ISA_USAGE = YES_ERROR;
				CLANG_WARN_DOCUMENTATION_COMMENTS = YES;
				CLANG_WARN_EMPTY_BODY = YES;
				CLANG_WARN_ENUM_CONVERSION = YES;
				CLANG_WARN_INFINITE_RECURSION = YES;
				CLANG_WARN_INT_CONVERSION = YES;
				CLANG_WARN_NON_LITERAL_NULL_CONVERSION = YES;
				CLANG_WARN_OBJC_LITERAL_CONVERSION = YES;
				CLANG_WARN_OBJC_ROOT_CLASS = YES_ERROR;
				CLANG_WARN_RANGE_LOOP_ANALYSIS = YES;
				CLANG_WARN_STRICT_PROTOTYPES = YES;
				CLANG_WARN_SUSPICIOUS_MOVE = YES;
				CLANG_WARN_UNGUARDED_AVAILABILITY = YES_AGGRESSIVE;
				CLANG_WARN_UNREACHABLE_CODE = YES;
				CLANG_WARN__DUPLICATE_METHOD_MATCH = YES;
				CODE_SIGN_IDENTITY = "iPhone Developer";
				COPY_PHASE_STRIP = NO;
				DEBUG_INFORMATION_FORMAT = "dwarf-with-dsym";
				ENABLE_NS_ASSERTIONS = NO;
				ENABLE_STRICT_OBJC_MSGSEND = YES;
				GCC_C_LANGUAGE_STANDARD = gnu11;
				GCC_NO_COMMON_BLOCKS = YES;
				GCC_WARN_64_TO_32_BIT_CONVERSION = YES;
				GCC_WARN_ABOUT_RETURN_TYPE = YES_ERROR;
				GCC_WARN_UNDECLARED_SELECTOR = YES;
				GCC_WARN_UNINITIALIZED_AUTOS = YES_AGGRESSIVE;
				GCC_WARN_UNUSED_FUNCTION = YES;
				GCC_WARN_UNUSED_VARIABLE = YES;
				IPHONEOS_DEPLOYMENT_TARGET = 11.2;
				MTL_ENABLE_DEBUG_INFO = NO;
				SDKROOT = iphoneos;
				SWIFT_OPTIMIZATION_LEVEL = "-Owholemodule";
				VALIDATE_PRODUCT = YES;
			};
			name = Release;
		};
		BFE5601220277CA100FA8072 /* Debug */ = {
			isa = XCBuildConfiguration;
			baseConfigurationReference = 78F9994757466BE2ABE52ECA /* Pods-rainyshinycloudy.debug.xcconfig */;
			buildSettings = {
				ASSETCATALOG_COMPILER_APPICON_NAME = AppIcon;
				CODE_SIGN_STYLE = Automatic;
				DEVELOPMENT_TEAM = SZ6S956252;
				INFOPLIST_FILE = rainyshinycloudy/Info.plist;
				LD_RUNPATH_SEARCH_PATHS = "$(inherited) @executable_path/Frameworks";
				PRODUCT_BUNDLE_IDENTIFIER = com.sarwar.rainyshinycloudy;
				PRODUCT_NAME = "$(TARGET_NAME)";
				SWIFT_VERSION = 4.0;
				TARGETED_DEVICE_FAMILY = "1,2";
			};
			name = Debug;
		};
		BFE5601320277CA100FA8072 /* Release */ = {
			isa = XCBuildConfiguration;
			baseConfigurationReference = EB9D87CBFC8B4EAA64FC24EA /* Pods-rainyshinycloudy.release.xcconfig */;
			buildSettings = {
				ASSETCATALOG_COMPILER_APPICON_NAME = AppIcon;
				CODE_SIGN_STYLE = Automatic;
				DEVELOPMENT_TEAM = SZ6S956252;
				INFOPLIST_FILE = rainyshinycloudy/Info.plist;
				LD_RUNPATH_SEARCH_PATHS = "$(inherited) @executable_path/Frameworks";
				PRODUCT_BUNDLE_IDENTIFIER = com.sarwar.rainyshinycloudy;
				PRODUCT_NAME = "$(TARGET_NAME)";
				SWIFT_VERSION = 4.0;
				TARGETED_DEVICE_FAMILY = "1,2";
			};
			name = Release;
		};
		BFE5601520277CA100FA8072 /* Debug */ = {
			isa = XCBuildConfiguration;
			baseConfigurationReference = E6C70E8A90653C3B442DDD5B /* Pods-rainyshinycloudyTests.debug.xcconfig */;
			buildSettings = {
				ALWAYS_EMBED_SWIFT_STANDARD_LIBRARIES = YES;
				BUNDLE_LOADER = "$(TEST_HOST)";
				CODE_SIGN_STYLE = Automatic;
				DEVELOPMENT_TEAM = SZ6S956252;
				INFOPLIST_FILE = rainyshinycloudyTests/Info.plist;
				LD_RUNPATH_SEARCH_PATHS = "$(inherited) @executable_path/Frameworks @loader_path/Frameworks";
				PRODUCT_BUNDLE_IDENTIFIER = com.sarwar.rainyshinycloudyTests;
				PRODUCT_NAME = "$(TARGET_NAME)";
				SWIFT_VERSION = 4.0;
				TARGETED_DEVICE_FAMILY = "1,2";
				TEST_HOST = "$(BUILT_PRODUCTS_DIR)/rainyshinycloudy.app/rainyshinycloudy";
			};
			name = Debug;
		};
		BFE5601620277CA100FA8072 /* Release */ = {
			isa = XCBuildConfiguration;
			baseConfigurationReference = E5916AF1E0A6B76B36D3DC7C /* Pods-rainyshinycloudyTests.release.xcconfig */;
			buildSettings = {
				ALWAYS_EMBED_SWIFT_STANDARD_LIBRARIES = YES;
				BUNDLE_LOADER = "$(TEST_HOST)";
				CODE_SIGN_STYLE = Automatic;
				DEVELOPMENT_TEAM = SZ6S956252;
				INFOPLIST_FILE = rainyshinycloudyTests/Info.plist;
				LD_RUNPATH_SEARCH_PATHS = "$(inherited) @executable_path/Frameworks @loader_path/Frameworks";
				PRODUCT_BUNDLE_IDENTIFIER = com.sarwar.rainyshinycloudyTests;
				PRODUCT_NAME = "$(TARGET_NAME)";
				SWIFT_VERSION = 4.0;
				TARGETED_DEVICE_FAMILY = "1,2";
				TEST_HOST = "$(BUILT_PRODUCTS_DIR)/rainyshinycloudy.app/rainyshinycloudy";
			};
			name = Release;
		};
		BFE5601820277CA100FA8072 /* Debug */ = {
			isa = XCBuildConfiguration;
			baseConfigurationReference = A2D7B4F72F49CAF7515207B6 /* Pods-rainyshinycloudyUITests.debug.xcconfig */;
			buildSettings = {
				ALWAYS_EMBED_SWIFT_STANDARD_LIBRARIES = YES;
				CODE_SIGN_STYLE = Automatic;
				DEVELOPMENT_TEAM = SZ6S956252;
				INFOPLIST_FILE = rainyshinycloudyUITests/Info.plist;
				LD_RUNPATH_SEARCH_PATHS = "$(inherited) @executable_path/Frameworks @loader_path/Frameworks";
				PRODUCT_BUNDLE_IDENTIFIER = com.sarwar.rainyshinycloudyUITests;
				PRODUCT_NAME = "$(TARGET_NAME)";
				SWIFT_VERSION = 4.0;
				TARGETED_DEVICE_FAMILY = "1,2";
				TEST_TARGET_NAME = rainyshinycloudy;
			};
			name = Debug;
		};
		BFE5601920277CA100FA8072 /* Release */ = {
			isa = XCBuildConfiguration;
			baseConfigurationReference = 42510517A69BDF2E85D0089E /* Pods-rainyshinycloudyUITests.release.xcconfig */;
			buildSettings = {
				ALWAYS_EMBED_SWIFT_STANDARD_LIBRARIES = YES;
				CODE_SIGN_STYLE = Automatic;
				DEVELOPMENT_TEAM = SZ6S956252;
				INFOPLIST_FILE = rainyshinycloudyUITests/Info.plist;
				LD_RUNPATH_SEARCH_PATHS = "$(inherited) @executable_path/Frameworks @loader_path/Frameworks";
				PRODUCT_BUNDLE_IDENTIFIER = com.sarwar.rainyshinycloudyUITests;
				PRODUCT_NAME = "$(TARGET_NAME)";
				SWIFT_VERSION = 4.0;
				TARGETED_DEVICE_FAMILY = "1,2";
				TEST_TARGET_NAME = rainyshinycloudy;
			};
			name = Release;
		};
/* End XCBuildConfiguration section */

/* Begin XCConfigurationList section */
		BFE55FE420277CA000FA8072 /* Build configuration list for PBXProject "rainyshinycloudy" */ = {
			isa = XCConfigurationList;
			buildConfigurations = (
				BFE5600F20277CA100FA8072 /* Debug */,
				BFE5601020277CA100FA8072 /* Release */,
			);
			defaultConfigurationIsVisible = 0;
			defaultConfigurationName = Release;
		};
		BFE5601120277CA100FA8072 /* Build configuration list for PBXNativeTarget "rainyshinycloudy" */ = {
			isa = XCConfigurationList;
			buildConfigurations = (
				BFE5601220277CA100FA8072 /* Debug */,
				BFE5601320277CA100FA8072 /* Release */,
			);
			defaultConfigurationIsVisible = 0;
			defaultConfigurationName = Release;
		};
		BFE5601420277CA100FA8072 /* Build configuration list for PBXNativeTarget "rainyshinycloudyTests" */ = {
			isa = XCConfigurationList;
			buildConfigurations = (
				BFE5601520277CA100FA8072 /* Debug */,
				BFE5601620277CA100FA8072 /* Release */,
			);
			defaultConfigurationIsVisible = 0;
			defaultConfigurationName = Release;
		};
		BFE5601720277CA100FA8072 /* Build configuration list for PBXNativeTarget "rainyshinycloudyUITests" */ = {
			isa = XCConfigurationList;
			buildConfigurations = (
				BFE5601820277CA100FA8072 /* Debug */,
				BFE5601920277CA100FA8072 /* Release */,
			);
			defaultConfigurationIsVisible = 0;
			defaultConfigurationName = Release;
		};
/* End XCConfigurationList section */
	};
	rootObject = BFE55FE120277CA000FA8072 /* Project object */;
}
